
Microsoft Visual Studio Solution File, Format Version 12.00
# Visual Studio Version 16
VisualStudioVersion = 16.0.30907.101
MinimumVisualStudioVersion = 10.0.40219.1
Project("{FAE04EC0-301F-11D3-BF4B-00C04F79EFBC}") = "Facturacionn", "Facturacionn.csproj", "{7F81A5ED-F848-43F8-943B-D169181113E9}"
EndProject
Global
	GlobalSection(SolutionConfigurationPlatforms) = preSolution
		Debug|Any CPU = Debug|Any CPU
		Release|Any CPU = Release|Any CPU
	EndGlobalSection
	GlobalSection(ProjectConfigurationPlatforms) = postSolution
		{7F81A5ED-F848-43F8-943B-D169181113E9}.Debug|Any CPU.ActiveCfg = Debug|Any CPU
		{7F81A5ED-F848-43F8-943B-D169181113E9}.Debug|Any CPU.Build.0 = Debug|Any CPU
		{7F81A5ED-F848-43F8-943B-D169181113E9}.Release|Any CPU.ActiveCfg = Release|Any CPU
		{7F81A5ED-F848-43F8-943B-D169181113E9}.Release|Any CPU.Build.0 = Release|Any CPU
	EndGlobalSection
	GlobalSection(SolutionProperties) = preSolution
		HideSolutionNode = FALSE
	EndGlobalSection
	GlobalSection(ExtensibilityGlobals) = postSolution
		SolutionGuid = {6A4E2DC5-465E-4BE1-97A9-9925599EE6DF}
	EndGlobalSection
EndGlobal
